
Microsoft Visual Studio Solution File, Format Version 12.00
# Visual Studio Version 17
VisualStudioVersion = 17.0.31903.59
MinimumVisualStudioVersion = 10.0.40219.1
Project("{2150E333-8FDC-42A3-9474-1A3956D46DE8}") = "src", "src", "{BAE241AE-44C2-4156-A20C-7E07A4AC3020}"
EndProject
Project("{FAE04EC0-301F-11D3-BF4B-00C04F79EFBC}") = "ReplayEventVerifier.Core", "src\ReplayEventVerifier.Core\ReplayEventVerifier.Core.csproj", "{1A9F610B-C7D2-49C0-AFF9-28E2F647B5FA}"
EndProject
Project("{FAE04EC0-301F-11D3-BF4B-00C04F79EFBC}") = "ReplayEventVerifier.Harness", "src\ReplayEventVerifier.Harness\ReplayEventVerifier.Harness.csproj", "{584A850A-8803-4756-8082-F258B7CC7378}"
EndProject
Project("{2150E333-8FDC-42A3-9474-1A3956D46DE8}") = "tests", "tests", "{550E63FD-C771-494C-A22F-1C4BBDD1CBBA}"
EndProject
Project("{FAE04EC0-301F-11D3-BF4B-00C04F79EFBC}") = "ReplayEventVerifier.Tests", "tests\ReplayEventVerifier.Tests\ReplayEventVerifier.Tests.csproj", "{BC7255D9-5F33-4CA6-BDC4-03DA08FC5984}"
EndProject
Project("{FAE04EC0-301F-11D3-BF4B-00C04F79EFBC}") = "ReplayEventVerifier.ATAS", "src\ReplayEventVerifier.ATAS\ReplayEventVerifier.ATAS.csproj", "{B9B59D38-C9A3-488E-957C-FAE75A9FDC2F}"
EndProject
Global
	GlobalSection(SolutionConfigurationPlatforms) = preSolution
		Debug|Any CPU = Debug|Any CPU
		Release|Any CPU = Release|Any CPU
	EndGlobalSection
	GlobalSection(SolutionProperties) = preSolution
		HideSolutionNode = FALSE
	EndGlobalSection
	GlobalSection(ProjectConfigurationPlatforms) = postSolution
		{1A9F610B-C7D2-49C0-AFF9-28E2F647B5FA}.Debug|Any CPU.ActiveCfg = Debug|Any CPU
		{1A9F610B-C7D2-49C0-AFF9-28E2F647B5FA}.Debug|Any CPU.Build.0 = Debug|Any CPU
		{1A9F610B-C7D2-49C0-AFF9-28E2F647B5FA}.Release|Any CPU.ActiveCfg = Release|Any CPU
		{1A9F610B-C7D2-49C0-AFF9-28E2F647B5FA}.Release|Any CPU.Build.0 = Release|Any CPU
		{584A850A-8803-4756-8082-F258B7CC7378}.Debug|Any CPU.ActiveCfg = Debug|Any CPU
		{584A850A-8803-4756-8082-F258B7CC7378}.Debug|Any CPU.Build.0 = Debug|Any CPU
		{584A850A-8803-4756-8082-F258B7CC7378}.Release|Any CPU.ActiveCfg = Release|Any CPU
		{584A850A-8803-4756-8082-F258B7CC7378}.Release|Any CPU.Build.0 = Release|Any CPU
		{BC7255D9-5F33-4CA6-BDC4-03DA08FC5984}.Debug|Any CPU.ActiveCfg = Debug|Any CPU
		{BC7255D9-5F33-4CA6-BDC4-03DA08FC5984}.Debug|Any CPU.Build.0 = Debug|Any CPU
		{BC7255D9-5F33-4CA6-BDC4-03DA08FC5984}.Release|Any CPU.ActiveCfg = Release|Any CPU
		{BC7255D9-5F33-4CA6-BDC4-03DA08FC5984}.Release|Any CPU.Build.0 = Release|Any CPU
		{B9B59D38-C9A3-488E-957C-FAE75A9FDC2F}.Debug|Any CPU.ActiveCfg = Debug|Any CPU
		{B9B59D38-C9A3-488E-957C-FAE75A9FDC2F}.Debug|Any CPU.Build.0 = Debug|Any CPU
		{B9B59D38-C9A3-488E-957C-FAE75A9FDC2F}.Release|Any CPU.ActiveCfg = Release|Any CPU
		{B9B59D38-C9A3-488E-957C-FAE75A9FDC2F}.Release|Any CPU.Build.0 = Release|Any CPU
	EndGlobalSection
	GlobalSection(NestedProjects) = preSolution
		{1A9F610B-C7D2-49C0-AFF9-28E2F647B5FA} = {BAE241AE-44C2-4156-A20C-7E07A4AC3020}
		{584A850A-8803-4756-8082-F258B7CC7378} = {BAE241AE-44C2-4156-A20C-7E07A4AC3020}
		{BC7255D9-5F33-4CA6-BDC4-03DA08FC5984} = {550E63FD-C771-494C-A22F-1C4BBDD1CBBA}
		{B9B59D38-C9A3-488E-957C-FAE75A9FDC2F} = {BAE241AE-44C2-4156-A20C-7E07A4AC3020}
	EndGlobalSection
EndGlobal
